
Microsoft Visual Studio Solution File, Format Version 12.00
# Visual Studio Version 17
VisualStudioVersion = 17.6.33801.468
MinimumVisualStudioVersion = 10.0.40219.1
Project("{FAE04EC0-301F-11D3-BF4B-00C04F79EFBC}") = "Ignat's 2D game", "Ignat's 2D game.csproj", "{CE3F9ECC-53D8-4B5B-8BAA-375E286158ED}"
EndProject
Global
	GlobalSection(SolutionConfigurationPlatforms) = preSolution
		Debug|Any CPU = Debug|Any CPU
		Release|Any CPU = Release|Any CPU
	EndGlobalSection
	GlobalSection(ProjectConfigurationPlatforms) = postSolution
		{CE3F9ECC-53D8-4B5B-8BAA-375E286158ED}.Debug|Any CPU.ActiveCfg = Debug|Any CPU
		{CE3F9ECC-53D8-4B5B-8BAA-375E286158ED}.Debug|Any CPU.Build.0 = Debug|Any CPU
		{CE3F9ECC-53D8-4B5B-8BAA-375E286158ED}.Release|Any CPU.ActiveCfg = Release|Any CPU
		{CE3F9ECC-53D8-4B5B-8BAA-375E286158ED}.Release|Any CPU.Build.0 = Release|Any CPU
	EndGlobalSection
	GlobalSection(SolutionProperties) = preSolution
		HideSolutionNode = FALSE
	EndGlobalSection
	GlobalSection(ExtensibilityGlobals) = postSolution
		SolutionGuid = {7584EA9E-C7E6-48B0-8B27-8516B445DAE6}
	EndGlobalSection
EndGlobal
